
Microsoft Visual Studio Solution File, Format Version 12.00
# Visual Studio Version 17
VisualStudioVersion = 17.3.32901.215
MinimumVisualStudioVersion = 10.0.40219.1
Project("{FAE04EC0-301F-11D3-BF4B-00C04F79EFBC}") = "TCA_TSR_BackEnd", "TCA_TSR_BackEnd\TCA_TSR_BackEnd.csproj", "{D1B74E3D-7759-4243-9308-D3B1119D0A06}"
EndProject
Global
	GlobalSection(SolutionConfigurationPlatforms) = preSolution
		Debug|Any CPU = Debug|Any CPU
		Release|Any CPU = Release|Any CPU
	EndGlobalSection
	GlobalSection(ProjectConfigurationPlatforms) = postSolution
		{D1B74E3D-7759-4243-9308-D3B1119D0A06}.Debug|Any CPU.ActiveCfg = Debug|Any CPU
		{D1B74E3D-7759-4243-9308-D3B1119D0A06}.Debug|Any CPU.Build.0 = Debug|Any CPU
		{D1B74E3D-7759-4243-9308-D3B1119D0A06}.Release|Any CPU.ActiveCfg = Release|Any CPU
		{D1B74E3D-7759-4243-9308-D3B1119D0A06}.Release|Any CPU.Build.0 = Release|Any CPU
	EndGlobalSection
	GlobalSection(SolutionProperties) = preSolution
		HideSolutionNode = FALSE
	EndGlobalSection
	GlobalSection(ExtensibilityGlobals) = postSolution
		SolutionGuid = {9C11D664-A30C-4F26-A814-FB60A5DD2F55}
	EndGlobalSection
EndGlobal
